PODS:
  - BCryptSwift (1.1)
  - Realm (3.14.1):
    - Realm/Headers (= 3.14.1)
  - Realm/Headers (3.14.1)
  - RealmSwift (3.14.1):
    - Realm (= 3.14.1)
  - SideMenu (5.0.3)
  - SideMenuSwift (2.0.0)

DEPENDENCIES:
  - BCryptSwift
  - RealmSwift
  - SideMenu
  - SideMenuSwift

SPEC REPOS:
  https://github.com/cocoapods/specs.git:
    - BCryptSwift
    - Realm
    - RealmSwift
    - SideMenu
    - SideMenuSwift

SPEC CHECKSUMS:
  BCryptSwift: f69992ea5685f6714260842c2770688043b89ab2
  Realm: e12c9c2387d05c5bba3a9c394838f5870e85763b
  RealmSwift: a82eab9b04c3e1616082c7e17aa300740847769c
  SideMenu: 1dcaabce84538c53325c287f7fe62999379a641c
  SideMenuSwift: 1bee5a0e54c6df7d8106f749b82567eae5c6d974

PODFILE CHECKSUM: f2226383ccbc04549bbf685687b5864db01b73e5

COCOAPODS: 1.6.1
