// !$*UTF8*$!
{
	archiveVersion = 1;
	classes = {
	};
	objectVersion = 50;
	objects = {

/* Begin PBXBuildFile section */
		EE51C0D9224CF58200914EF2 /* AppDelegate.swift in Sources */ = {isa = PBXBuildFile; fileRef = EE51C0D8224CF58200914EF2 /* AppDelegate.swift */; };
		EE51C0DB224CF58200914EF2 /* ViewController.swift in Sources */ = {isa = PBXBuildFile; fileRef = EE51C0DA224CF58200914EF2 /* ViewController.swift */; };
		EE51C0DE224CF58200914EF2 /* Main.storyboard in Resources */ = {isa = PBXBuildFile; fileRef = EE51C0DC224CF58200914EF2 /* Main.storyboard */; };
		EE51C0E0224CF58300914EF2 /* Assets.xcassets in Resources */ = {isa = PBXBuildFile; fileRef = EE51C0DF224CF58300914EF2 /* Assets.xcassets */; };
		EE51C0F1224D348F00914EF2 /* SearchViewController.swift in Sources */ = {isa = PBXBuildFile; fileRef = EE51C0F0224D348F00914EF2 /* SearchViewController.swift */; };
		EE51C0F3224D361200914EF2 /* Vector.svg in Resources */ = {isa = PBXBuildFile; fileRef = EE51C0F2224D361200914EF2 /* Vector.svg */; };
		EE51C0F7224D431900914EF2 /* gotham_pro.ttf in Resources */ = {isa = PBXBuildFile; fileRef = EE51C0F5224D431800914EF2 /* gotham_pro.ttf */; };
		EE51C0F8224D431900914EF2 /* gotham_pro_bold.ttf in Resources */ = {isa = PBXBuildFile; fileRef = EE51C0F6224D431900914EF2 /* gotham_pro_bold.ttf */; };
		EE51C0FA224E196000914EF2 /* Braselets.png in Resources */ = {isa = PBXBuildFile; fileRef = EE51C0F9224E196000914EF2 /* Braselets.png */; };
		EE51C0FC224E1A9A00914EF2 /* LaunchScreen.storyboard in Resources */ = {isa = PBXBuildFile; fileRef = EE51C0FB224E1A9A00914EF2 /* LaunchScreen.storyboard */; };
		EE51C100224E1EA400914EF2 /* Здоровье 2.0.png in Resources */ = {isa = PBXBuildFile; fileRef = EE51C0FF224E1EA400914EF2 /* Здоровье 2.0.png */; };
		EE51C102224E1FA600914EF2 /* Здоровье 2.0 Dark.png in Resources */ = {isa = PBXBuildFile; fileRef = EE51C101224E1FA600914EF2 /* Здоровье 2.0 Dark.png */; };
		EE51C104224E245400914EF2 /* Здоровье 2.0 Red.png in Resources */ = {isa = PBXBuildFile; fileRef = EE51C103224E245400914EF2 /* Здоровье 2.0 Red.png */; };
		EEE684F3224E4B7200849E5F /* AppSettingsViewController.swift in Sources */ = {isa = PBXBuildFile; fileRef = EEE684F2224E4B7200849E5F /* AppSettingsViewController.swift */; };
		EEE684F8224E54AE00849E5F /* SWRevealViewController.m in Sources */ = {isa = PBXBuildFile; fileRef = EEE684F7224E54AE00849E5F /* SWRevealViewController.m */; };
		EEE8D7F722523B7A00346166 /* indexViewController.swift in Sources */ = {isa = PBXBuildFile; fileRef = EEE8D7F622523B7A00346166 /* indexViewController.swift */; };
		EEE8D7FA2253C08F00346166 /* IndicatorsViewController.swift in Sources */ = {isa = PBXBuildFile; fileRef = EEE8D7F92253C08F00346166 /* IndicatorsViewController.swift */; };
		EEE8D7FD2253C85E00346166 /* DoctorViewController.swift in Sources */ = {isa = PBXBuildFile; fileRef = EEE8D7FC2253C85E00346166 /* DoctorViewController.swift */; };
/* End PBXBuildFile section */

/* Begin PBXFileReference section */
		EE51C0D5224CF58200914EF2 /* Health2.0.app */ = {isa = PBXFileReference; explicitFileType = wrapper.application; includeInIndex = 0; path = Health2.0.app; sourceTree = BUILT_PRODUCTS_DIR; };
		EE51C0D8224CF58200914EF2 /* AppDelegate.swift */ = {isa = PBXFileReference; lastKnownFileType = sourcecode.swift; path = AppDelegate.swift; sourceTree = "<group>"; };
		EE51C0DA224CF58200914EF2 /* ViewController.swift */ = {isa = PBXFileReference; lastKnownFileType = sourcecode.swift; path = ViewController.swift; sourceTree = "<group>"; };
		EE51C0DD224CF58200914EF2 /* Base */ = {isa = PBXFileReference; lastKnownFileType = file.storyboard; name = Base; path = Base.lproj/Main.storyboard; sourceTree = "<group>"; };
		EE51C0DF224CF58300914EF2 /* Assets.xcassets */ = {isa = PBXFileReference; lastKnownFileType = folder.assetcatalog; path = Assets.xcassets; sourceTree = "<group>"; };
		EE51C0E4224CF58300914EF2 /* Info.plist */ = {isa = PBXFileReference; lastKnownFileType = text.plist.xml; path = Info.plist; sourceTree = "<group>"; };
		EE51C0F0224D348F00914EF2 /* SearchViewController.swift */ = {isa = PBXFileReference; lastKnownFileType = sourcecode.swift; path = SearchViewController.swift; sourceTree = "<group>"; };
		EE51C0F2224D361200914EF2 /* Vector.svg */ = {isa = PBXFileReference; fileEncoding = 4; lastKnownFileType = text; path = Vector.svg; sourceTree = "<group>"; };
		EE51C0F5224D431800914EF2 /* gotham_pro.ttf */ = {isa = PBXFileReference; lastKnownFileType = file; path = gotham_pro.ttf; sourceTree = "<group>"; };
		EE51C0F6224D431900914EF2 /* gotham_pro_bold.ttf */ = {isa = PBXFileReference; lastKnownFileType = file; path = gotham_pro_bold.ttf; sourceTree = "<group>"; };
		EE51C0F9224E196000914EF2 /* Braselets.png */ = {isa = PBXFileReference; lastKnownFileType = image.png; path = Braselets.png; sourceTree = "<group>"; };
		EE51C0FB224E1A9A00914EF2 /* LaunchScreen.storyboard */ = {isa = PBXFileReference; fileEncoding = 4; lastKnownFileType = file.storyboard; path = LaunchScreen.storyboard; sourceTree = "<group>"; };
		EE51C0FF224E1EA400914EF2 /* Здоровье 2.0.png */ = {isa = PBXFileReference; lastKnownFileType = image.png; path = "Здоровье 2.0.png"; sourceTree = "<group>"; };
		EE51C101224E1FA600914EF2 /* Здоровье 2.0 Dark.png */ = {isa = PBXFileReference; lastKnownFileType = image.png; path = "Здоровье 2.0 Dark.png"; sourceTree = "<group>"; };
		EE51C103224E245400914EF2 /* Здоровье 2.0 Red.png */ = {isa = PBXFileReference; lastKnownFileType = image.png; path = "Здоровье 2.0 Red.png"; sourceTree = "<group>"; };
		EEE684F2224E4B7200849E5F /* AppSettingsViewController.swift */ = {isa = PBXFileReference; lastKnownFileType = sourcecode.swift; path = AppSettingsViewController.swift; sourceTree = "<group>"; };
		EEE684F5224E54AD00849E5F /* Health2.0-Bridging-Header.h */ = {isa = PBXFileReference; lastKnownFileType = sourcecode.c.h; path = "Health2.0-Bridging-Header.h"; sourceTree = "<group>"; };
		EEE684F6224E54AE00849E5F /* SWRevealViewController.h */ = {isa = PBXFileReference; fileEncoding = 4; lastKnownFileType = sourcecode.c.h; path = SWRevealViewController.h; sourceTree = "<group>"; };
		EEE684F7224E54AE00849E5F /* SWRevealViewController.m */ = {isa = PBXFileReference; fileEncoding = 4; lastKnownFileType = sourcecode.c.objc; path = SWRevealViewController.m; sourceTree = "<group>"; };
		EEE8D7F622523B7A00346166 /* indexViewController.swift */ = {isa = PBXFileReference; lastKnownFileType = sourcecode.swift; path = indexViewController.swift; sourceTree = "<group>"; };
		EEE8D7F92253C08F00346166 /* IndicatorsViewController.swift */ = {isa = PBXFileReference; lastKnownFileType = sourcecode.swift; path = IndicatorsViewController.swift; sourceTree = "<group>"; };
		EEE8D7FC2253C85E00346166 /* DoctorViewController.swift */ = {isa = PBXFileReference; lastKnownFileType = sourcecode.swift; path = DoctorViewController.swift; sourceTree = "<group>"; };
/* End PBXFileReference section */

/* Begin PBXFrameworksBuildPhase section */
		EE51C0D2224CF58200914EF2 /* Frameworks */ = {
			isa = PBXFrameworksBuildPhase;
			buildActionMask = 2147483647;
			files = (
			);
			runOnlyForDeploymentPostprocessing = 0;
		};
/* End PBXFrameworksBuildPhase section */

/* Begin PBXGroup section */
		E59DD2C25D9FA816C6C34B01 /* Frameworks */ = {
			isa = PBXGroup;
			children = (
			);
			name = Frameworks;
			sourceTree = "<group>";
		};
		EE51C0CC224CF58200914EF2 = {
			isa = PBXGroup;
			children = (
				EE51C0D7224CF58200914EF2 /* Health2.0 */,
				EE51C0D6224CF58200914EF2 /* Products */,
				E59DD2C25D9FA816C6C34B01 /* Frameworks */,
			);
			sourceTree = "<group>";
		};
		EE51C0D6224CF58200914EF2 /* Products */ = {
			isa = PBXGroup;
			children = (
				EE51C0D5224CF58200914EF2 /* Health2.0.app */,
			);
			name = Products;
			sourceTree = "<group>";
		};
		EE51C0D7224CF58200914EF2 /* Health2.0 */ = {
			isa = PBXGroup;
			children = (
				EEE684F4224E548A00849E5F /* SWRevealViewController */,
				EEE7BCDA2252187300A42E65 /* HealthScreen */,
				EEE7BCD92252175900A42E65 /* RegistrationAndStart */,
				EEE8D7F82253C05700346166 /* IndicatorsScreen */,
				EEE8D7FB2253C83B00346166 /* DoctorScreen */,
				EE51C0D8224CF58200914EF2 /* AppDelegate.swift */,
				EE51C0DC224CF58200914EF2 /* Main.storyboard */,
				EEE684F2224E4B7200849E5F /* AppSettingsViewController.swift */,
				EE51C0DF224CF58300914EF2 /* Assets.xcassets */,
				EE51C0F2224D361200914EF2 /* Vector.svg */,
				EE51C0FB224E1A9A00914EF2 /* LaunchScreen.storyboard */,
				EE51C0F4224D42C000914EF2 /* Resources */,
				EE51C0E4224CF58300914EF2 /* Info.plist */,
			);
			path = Health2.0;
			sourceTree = "<group>";
		};
		EE51C0F4224D42C000914EF2 /* Resources */ = {
			isa = PBXGroup;
			children = (
				EE51C103224E245400914EF2 /* Здоровье 2.0 Red.png */,
				EE51C0FF224E1EA400914EF2 /* Здоровье 2.0.png */,
				EE51C101224E1FA600914EF2 /* Здоровье 2.0 Dark.png */,
				EE51C0F9224E196000914EF2 /* Braselets.png */,
				EE51C0F6224D431900914EF2 /* gotham_pro_bold.ttf */,
				EE51C0F5224D431800914EF2 /* gotham_pro.ttf */,
			);
			path = Resources;
			sourceTree = "<group>";
		};
		EEE684F4224E548A00849E5F /* SWRevealViewController */ = {
			isa = PBXGroup;
			children = (
				EEE684F6224E54AE00849E5F /* SWRevealViewController.h */,
				EEE684F7224E54AE00849E5F /* SWRevealViewController.m */,
				EEE684F5224E54AD00849E5F /* Health2.0-Bridging-Header.h */,
			);
			path = SWRevealViewController;
			sourceTree = "<group>";
		};
		EEE7BCD92252175900A42E65 /* RegistrationAndStart */ = {
			isa = PBXGroup;
			children = (
				EE51C0F0224D348F00914EF2 /* SearchViewController.swift */,
				EE51C0DA224CF58200914EF2 /* ViewController.swift */,
			);
			path = RegistrationAndStart;
			sourceTree = "<group>";
		};
		EEE7BCDA2252187300A42E65 /* HealthScreen */ = {
			isa = PBXGroup;
			children = (
				EEE8D7F622523B7A00346166 /* indexViewController.swift */,
			);
			path = HealthScreen;
			sourceTree = "<group>";
		};
		EEE8D7F82253C05700346166 /* IndicatorsScreen */ = {
			isa = PBXGroup;
			children = (
				EEE8D7F92253C08F00346166 /* IndicatorsViewController.swift */,
			);
			path = IndicatorsScreen;
			sourceTree = "<group>";
		};
		EEE8D7FB2253C83B00346166 /* DoctorScreen */ = {
			isa = PBXGroup;
			children = (
				EEE8D7FC2253C85E00346166 /* DoctorViewController.swift */,
			);
			path = DoctorScreen;
			sourceTree = "<group>";
		};
/* End PBXGroup section */

/* Begin PBXNativeTarget section */
		EE51C0D4224CF58200914EF2 /* Health2.0 */ = {
			isa = PBXNativeTarget;
			buildConfigurationList = EE51C0E7224CF58300914EF2 /* Build configuration list for PBXNativeTarget "Health2.0" */;
			buildPhases = (
				EE51C0D1224CF58200914EF2 /* Sources */,
				EE51C0D2224CF58200914EF2 /* Frameworks */,
				EE51C0D3224CF58200914EF2 /* Resources */,
			);
			buildRules = (
			);
			dependencies = (
			);
			name = Health2.0;
			productName = Health2.0;
			productReference = EE51C0D5224CF58200914EF2 /* Health2.0.app */;
			productType = "com.apple.product-type.application";
		};
/* End PBXNativeTarget section */

/* Begin PBXProject section */
		EE51C0CD224CF58200914EF2 /* Project object */ = {
			isa = PBXProject;
			attributes = {
				KnownAssetTags = (
					New,
				);
				LastSwiftUpdateCheck = 1020;
				LastUpgradeCheck = 1020;
				ORGANIZATIONNAME = "Александр Голубкин";
				TargetAttributes = {
					EE51C0D4224CF58200914EF2 = {
						CreatedOnToolsVersion = 10.2;
						LastSwiftMigration = 1020;
					};
				};
			};
			buildConfigurationList = EE51C0D0224CF58200914EF2 /* Build configuration list for PBXProject "Health2.0" */;
			compatibilityVersion = "Xcode 9.3";
			developmentRegion = en;
			hasScannedForEncodings = 0;
			knownRegions = (
				en,
				Base,
			);
			mainGroup = EE51C0CC224CF58200914EF2;
			productRefGroup = EE51C0D6224CF58200914EF2 /* Products */;
			projectDirPath = "";
			projectRoot = "";
			targets = (
				EE51C0D4224CF58200914EF2 /* Health2.0 */,
			);
		};
/* End PBXProject section */

/* Begin PBXResourcesBuildPhase section */
		EE51C0D3224CF58200914EF2 /* Resources */ = {
			isa = PBXResourcesBuildPhase;
			buildActionMask = 2147483647;
			files = (
				EE51C0F7224D431900914EF2 /* gotham_pro.ttf in Resources */,
				EE51C0F3224D361200914EF2 /* Vector.svg in Resources */,
				EE51C0E0224CF58300914EF2 /* Assets.xcassets in Resources */,
				EE51C0DE224CF58200914EF2 /* Main.storyboard in Resources */,
				EE51C104224E245400914EF2 /* Здоровье 2.0 Red.png in Resources */,
				EE51C0FC224E1A9A00914EF2 /* LaunchScreen.storyboard in Resources */,
				EE51C100224E1EA400914EF2 /* Здоровье 2.0.png in Resources */,
				EE51C0FA224E196000914EF2 /* Braselets.png in Resources */,
				EE51C0F8224D431900914EF2 /* gotham_pro_bold.ttf in Resources */,
				EE51C102224E1FA600914EF2 /* Здоровье 2.0 Dark.png in Resources */,
			);
			runOnlyForDeploymentPostprocessing = 0;
		};
/* End PBXResourcesBuildPhase section */

/* Begin PBXSourcesBuildPhase section */
		EE51C0D1224CF58200914EF2 /* Sources */ = {
			isa = PBXSourcesBuildPhase;
			buildActionMask = 2147483647;
			files = (
				EEE8D7F722523B7A00346166 /* indexViewController.swift in Sources */,
				EE51C0F1224D348F00914EF2 /* SearchViewController.swift in Sources */,
				EE51C0DB224CF58200914EF2 /* ViewController.swift in Sources */,
				EEE684F8224E54AE00849E5F /* SWRevealViewController.m in Sources */,
				EEE8D7FA2253C08F00346166 /* IndicatorsViewController.swift in Sources */,
				EE51C0D9224CF58200914EF2 /* AppDelegate.swift in Sources */,
				EEE684F3224E4B7200849E5F /* AppSettingsViewController.swift in Sources */,
				EEE8D7FD2253C85E00346166 /* DoctorViewController.swift in Sources */,
			);
			runOnlyForDeploymentPostprocessing = 0;
		};
/* End PBXSourcesBuildPhase section */

/* Begin PBXVariantGroup section */
		EE51C0DC224CF58200914EF2 /* Main.storyboard */ = {
			isa = PBXVariantGroup;
			children = (
				EE51C0DD224CF58200914EF2 /* Base */,
			);
			name = Main.storyboard;
			sourceTree = "<group>";
		};
/* End PBXVariantGroup section */

/* Begin XCBuildConfiguration section */
		EE51C0E5224CF58300914EF2 /* Debug */ = {
			isa = XCBuildConfiguration;
			buildSettings = {
				ALWAYS_SEARCH_USER_PATHS = NO;
				CLANG_ANALYZER_NONNULL = YES;
				CLANG_ANALYZER_NUMBER_OBJECT_CONVERSION = YES_AGGRESSIVE;
				CLANG_CXX_LANGUAGE_STANDARD = "gnu++14";
				CLANG_CXX_LIBRARY = "libc++";
				CLANG_ENABLE_MODULES = YES;
				CLANG_ENABLE_OBJC_ARC = YES;
				CLANG_ENABLE_OBJC_WEAK = YES;
				CLANG_WARN_BLOCK_CAPTURE_AUTORELEASING = YES;
				CLANG_WARN_BOOL_CONVERSION = YES;
				CLANG_WARN_COMMA = YES;
				CLANG_WARN_CONSTANT_CONVERSION = YES;
				CLANG_WARN_DEPRECATED_OBJC_IMPLEMENTATIONS = YES;
				CLANG_WARN_DIRECT_OBJC_ISA_USAGE = YES_ERROR;
				CLANG_WARN_DOCUMENTATION_COMMENTS = YES;
				CLANG_WARN_EMPTY_BODY = YES;
				CLANG_WARN_ENUM_CONVERSION = YES;
				CLANG_WARN_INFINITE_RECURSION = YES;
				CLANG_WARN_INT_CONVERSION = YES;
				CLANG_WARN_NON_LITERAL_NULL_CONVERSION = YES;
				CLANG_WARN_OBJC_IMPLICIT_RETAIN_SELF = YES;
				CLANG_WARN_OBJC_LITERAL_CONVERSION = YES;
				CLANG_WARN_OBJC_ROOT_CLASS = YES_ERROR;
				CLANG_WARN_RANGE_LOOP_ANALYSIS = YES;
				CLANG_WARN_STRICT_PROTOTYPES = YES;
				CLANG_WARN_SUSPICIOUS_MOVE = YES;
				CLANG_WARN_UNGUARDED_AVAILABILITY = YES_AGGRESSIVE;
				CLANG_WARN_UNREACHABLE_CODE = YES;
				CLANG_WARN__DUPLICATE_METHOD_MATCH = YES;
				CODE_SIGN_IDENTITY = "iPhone Developer";
				COPY_PHASE_STRIP = NO;
				DEBUG_INFORMATION_FORMAT = dwarf;
				ENABLE_STRICT_OBJC_MSGSEND = YES;
				ENABLE_TESTABILITY = YES;
				GCC_C_LANGUAGE_STANDARD = gnu11;
				GCC_DYNAMIC_NO_PIC = NO;
				GCC_NO_COMMON_BLOCKS = YES;
				GCC_OPTIMIZATION_LEVEL = 0;
				GCC_PREPROCESSOR_DEFINITIONS = (
					"DEBUG=1",
					"$(inherited)",
				);
				GCC_WARN_64_TO_32_BIT_CONVERSION = YES;
				GCC_WARN_ABOUT_RETURN_TYPE = YES_ERROR;
				GCC_WARN_UNDECLARED_SELECTOR = YES;
				GCC_WARN_UNINITIALIZED_AUTOS = YES_AGGRESSIVE;
				GCC_WARN_UNUSED_FUNCTION = YES;
				GCC_WARN_UNUSED_VARIABLE = YES;
				IPHONEOS_DEPLOYMENT_TARGET = 12.2;
				MTL_ENABLE_DEBUG_INFO = INCLUDE_SOURCE;
				MTL_FAST_MATH = YES;
				ONLY_ACTIVE_ARCH = YES;
				SDKROOT = iphoneos;
				SWIFT_ACTIVE_COMPILATION_CONDITIONS = DEBUG;
				SWIFT_OPTIMIZATION_LEVEL = "-Onone";
			};
			name = Debug;
		};
		EE51C0E6224CF58300914EF2 /* Release */ = {
			isa = XCBuildConfiguration;
			buildSettings = {
				ALWAYS_SEARCH_USER_PATHS = NO;
				CLANG_ANALYZER_NONNULL = YES;
				CLANG_ANALYZER_NUMBER_OBJECT_CONVERSION = YES_AGGRESSIVE;
				CLANG_CXX_LANGUAGE_STANDARD = "gnu++14";
				CLANG_CXX_LIBRARY = "libc++";
				CLANG_ENABLE_MODULES = YES;
				CLANG_ENABLE_OBJC_ARC = YES;
				CLANG_ENABLE_OBJC_WEAK = YES;
				CLANG_WARN_BLOCK_CAPTURE_AUTORELEASING = YES;
				CLANG_WARN_BOOL_CONVERSION = YES;
				CLANG_WARN_COMMA = YES;
				CLANG_WARN_CONSTANT_CONVERSION = YES;
				CLANG_WARN_DEPRECATED_OBJC_IMPLEMENTATIONS = YES;
				CLANG_WARN_DIRECT_OBJC_ISA_USAGE = YES_ERROR;
				CLANG_WARN_DOCUMENTATION_COMMENTS = YES;
				CLANG_WARN_EMPTY_BODY = YES;
				CLANG_WARN_ENUM_CONVERSION = YES;
				CLANG_WARN_INFINITE_RECURSION = YES;
				CLANG_WARN_INT_CONVERSION = YES;
				CLANG_WARN_NON_LITERAL_NULL_CONVERSION = YES;
				CLANG_WARN_OBJC_IMPLICIT_RETAIN_SELF = YES;
				CLANG_WARN_OBJC_LITERAL_CONVERSION = YES;
				CLANG_WARN_OBJC_ROOT_CLASS = YES_ERROR;
				CLANG_WARN_RANGE_LOOP_ANALYSIS = YES;
				CLANG_WARN_STRICT_PROTOTYPES = YES;
				CLANG_WARN_SUSPICIOUS_MOVE = YES;
				CLANG_WARN_UNGUARDED_AVAILABILITY = YES_AGGRESSIVE;
				CLANG_WARN_UNREACHABLE_CODE = YES;
				CLANG_WARN__DUPLICATE_METHOD_MATCH = YES;
				CODE_SIGN_IDENTITY = "iPhone Developer";
				COPY_PHASE_STRIP = NO;
				DEBUG_INFORMATION_FORMAT = "dwarf-with-dsym";
				ENABLE_NS_ASSERTIONS = NO;
				ENABLE_STRICT_OBJC_MSGSEND = YES;
				GCC_C_LANGUAGE_STANDARD = gnu11;
				GCC_NO_COMMON_BLOCKS = YES;
				GCC_WARN_64_TO_32_BIT_CONVERSION = YES;
				GCC_WARN_ABOUT_RETURN_TYPE = YES_ERROR;
				GCC_WARN_UNDECLARED_SELECTOR = YES;
				GCC_WARN_UNINITIALIZED_AUTOS = YES_AGGRESSIVE;
				GCC_WARN_UNUSED_FUNCTION = YES;
				GCC_WARN_UNUSED_VARIABLE = YES;
				IPHONEOS_DEPLOYMENT_TARGET = 12.2;
				MTL_ENABLE_DEBUG_INFO = NO;
				MTL_FAST_MATH = YES;
				SDKROOT = iphoneos;
				SWIFT_COMPILATION_MODE = wholemodule;
				SWIFT_OPTIMIZATION_LEVEL = "-O";
				VALIDATE_PRODUCT = YES;
			};
			name = Release;
		};
		EE51C0E8224CF58300914EF2 /* Debug */ = {
			isa = XCBuildConfiguration;
			buildSettings = {
				ASSETCATALOG_COMPILER_APPICON_NAME = AppIcon;
				CLANG_ENABLE_MODULES = YES;
				CODE_SIGN_STYLE = Automatic;
				DEVELOPMENT_TEAM = Q2A3787A9J;
				INFOPLIST_FILE = Health2.0/Info.plist;
				LD_RUNPATH_SEARCH_PATHS = (
					"$(inherited)",
					"@executable_path/Frameworks",
				);
				PRODUCT_BUNDLE_IDENTIFIER = "AG.Health2-0";
				PRODUCT_NAME = "$(TARGET_NAME)";
				SWIFT_OBJC_BRIDGING_HEADER = "Health2.0/SWRevealViewController/Health2.0-Bridging-Header.h";
				SWIFT_OPTIMIZATION_LEVEL = "-Onone";
				SWIFT_VERSION = 5.0;
				TARGETED_DEVICE_FAMILY = "1,2";
			};
			name = Debug;
		};
		EE51C0E9224CF58300914EF2 /* Release */ = {
			isa = XCBuildConfiguration;
			buildSettings = {
				ASSETCATALOG_COMPILER_APPICON_NAME = AppIcon;
				CLANG_ENABLE_MODULES = YES;
				CODE_SIGN_STYLE = Automatic;
				DEVELOPMENT_TEAM = Q2A3787A9J;
				INFOPLIST_FILE = Health2.0/Info.plist;
				LD_RUNPATH_SEARCH_PATHS = (
					"$(inherited)",
					"@executable_path/Frameworks",
				);
				PRODUCT_BUNDLE_IDENTIFIER = "AG.Health2-0";
				PRODUCT_NAME = "$(TARGET_NAME)";
				SWIFT_OBJC_BRIDGING_HEADER = "Health2.0/SWRevealViewController/Health2.0-Bridging-Header.h";
				SWIFT_VERSION = 5.0;
				TARGETED_DEVICE_FAMILY = "1,2";
			};
			name = Release;
		};
/* End XCBuildConfiguration section */

/* Begin XCConfigurationList section */
		EE51C0D0224CF58200914EF2 /* Build configuration list for PBXProject "Health2.0" */ = {
			isa = XCConfigurationList;
			buildConfigurations = (
				EE51C0E5224CF58300914EF2 /* Debug */,
				EE51C0E6224CF58300914EF2 /* Release */,
			);
			defaultConfigurationIsVisible = 0;
			defaultConfigurationName = Release;
		};
		EE51C0E7224CF58300914EF2 /* Build configuration list for PBXNativeTarget "Health2.0" */ = {
			isa = XCConfigurationList;
			buildConfigurations = (
				EE51C0E8224CF58300914EF2 /* Debug */,
				EE51C0E9224CF58300914EF2 /* Release */,
			);
			defaultConfigurationIsVisible = 0;
			defaultConfigurationName = Release;
		};
/* End XCConfigurationList section */
	};
	rootObject = EE51C0CD224CF58200914EF2 /* Project object */;
}
