// !$*UTF8*$!
{
	archiveVersion = 1;
	classes = {
	};
	objectVersion = 50;
	objects = {

/* Begin PBXBuildFile section */
		BBB53BD9D9D1E69C77F92D8B /* Pods_Health2_0.framework in Frameworks */ = {isa = PBXBuildFile; fileRef = ABDC69CA0A54F1665C504E83 /* Pods_Health2_0.framework */; };
		EE0942432264845B00F119B8 /* Profile.swift in Sources */ = {isa = PBXBuildFile; fileRef = EE0942422264845B00F119B8 /* Profile.swift */; };
		EE3C2C92225B49A800A46B55 /* SWRevealViewController.m in Sources */ = {isa = PBXBuildFile; fileRef = EE3C2C90225B49A800A46B55 /* SWRevealViewController.m */; };
		EE4394D4225600C600510A5D /* TrViewController.swift in Sources */ = {isa = PBXBuildFile; fileRef = EE4394D3225600C600510A5D /* TrViewController.swift */; };
		EE4394DC22560A2600510A5D /* ButtonView.swift in Sources */ = {isa = PBXBuildFile; fileRef = EE4394DB22560A2600510A5D /* ButtonView.swift */; };
		EE51C0D9224CF58200914EF2 /* AppDelegate.swift in Sources */ = {isa = PBXBuildFile; fileRef = EE51C0D8224CF58200914EF2 /* AppDelegate.swift */; };
		EE51C0DB224CF58200914EF2 /* ViewController.swift in Sources */ = {isa = PBXBuildFile; fileRef = EE51C0DA224CF58200914EF2 /* ViewController.swift */; };
		EE51C0DE224CF58200914EF2 /* Main.storyboard in Resources */ = {isa = PBXBuildFile; fileRef = EE51C0DC224CF58200914EF2 /* Main.storyboard */; };
		EE51C0E0224CF58300914EF2 /* Assets.xcassets in Resources */ = {isa = PBXBuildFile; fileRef = EE51C0DF224CF58300914EF2 /* Assets.xcassets */; };
		EE51C0F1224D348F00914EF2 /* SearchViewController.swift in Sources */ = {isa = PBXBuildFile; fileRef = EE51C0F0224D348F00914EF2 /* SearchViewController.swift */; };
		EE51C0F3224D361200914EF2 /* Vector.svg in Resources */ = {isa = PBXBuildFile; fileRef = EE51C0F2224D361200914EF2 /* Vector.svg */; };
		EE51C0F7224D431900914EF2 /* gotham_pro.ttf in Resources */ = {isa = PBXBuildFile; fileRef = EE51C0F5224D431800914EF2 /* gotham_pro.ttf */; };
		EE51C0F8224D431900914EF2 /* gotham_pro_bold.ttf in Resources */ = {isa = PBXBuildFile; fileRef = EE51C0F6224D431900914EF2 /* gotham_pro_bold.ttf */; };
		EE51C0FA224E196000914EF2 /* Braselets.png in Resources */ = {isa = PBXBuildFile; fileRef = EE51C0F9224E196000914EF2 /* Braselets.png */; };
		EE51C0FC224E1A9A00914EF2 /* LaunchScreen.storyboard in Resources */ = {isa = PBXBuildFile; fileRef = EE51C0FB224E1A9A00914EF2 /* LaunchScreen.storyboard */; };
		EE51C100224E1EA400914EF2 /* Здоровье 2.0.png in Resources */ = {isa = PBXBuildFile; fileRef = EE51C0FF224E1EA400914EF2 /* Здоровье 2.0.png */; };
		EE51C102224E1FA600914EF2 /* Здоровье 2.0 Dark.png in Resources */ = {isa = PBXBuildFile; fileRef = EE51C101224E1FA600914EF2 /* Здоровье 2.0 Dark.png */; };
		EE51C104224E245400914EF2 /* Здоровье 2.0 Red.png in Resources */ = {isa = PBXBuildFile; fileRef = EE51C103224E245400914EF2 /* Здоровье 2.0 Red.png */; };
		EE5CF16C22566837002AB3CC /* IndicateViewController.swift in Sources */ = {isa = PBXBuildFile; fileRef = EE5CF16B22566837002AB3CC /* IndicateViewController.swift */; };
		EE61CDC522560EF90068726C /* InfoSlider.swift in Sources */ = {isa = PBXBuildFile; fileRef = EE61CDC422560EF90068726C /* InfoSlider.swift */; };
		EE6B98EF2257591E009977EF /* SlideViewController.swift in Sources */ = {isa = PBXBuildFile; fileRef = EE6B98EE2257591E009977EF /* SlideViewController.swift */; };
		EE9167AD226A0B8F0000A2EB /* HandViewController.swift in Sources */ = {isa = PBXBuildFile; fileRef = EE9167AC226A0B8F0000A2EB /* HandViewController.swift */; };
		EE9CCB46226F24B100602C34 /* CalendarViewController.swift in Sources */ = {isa = PBXBuildFile; fileRef = EE9CCB45226F24B100602C34 /* CalendarViewController.swift */; };
		EE9CCB48226F340000602C34 /* CalendarView.swift in Sources */ = {isa = PBXBuildFile; fileRef = EE9CCB47226F340000602C34 /* CalendarView.swift */; };
		EE9CCB4A226F38C900602C34 /* AddCourseViewController.swift in Sources */ = {isa = PBXBuildFile; fileRef = EE9CCB49226F38C900602C34 /* AddCourseViewController.swift */; };
		EE9CCB4E227313C300602C34 /* TimeView.swift in Sources */ = {isa = PBXBuildFile; fileRef = EE9CCB4D227313C300602C34 /* TimeView.swift */; };
		EE9CCB522273154600602C34 /* TimeView.xib in Resources */ = {isa = PBXBuildFile; fileRef = EE9CCB512273154600602C34 /* TimeView.xib */; };
		EEAD812F225B6B6400726629 /* ConsultationViewController.swift in Sources */ = {isa = PBXBuildFile; fileRef = EEAD812E225B6B6400726629 /* ConsultationViewController.swift */; };
		EEAD8134225CBA0000726629 /* CustomSegue.swift in Sources */ = {isa = PBXBuildFile; fileRef = EEAD8133225CBA0000726629 /* CustomSegue.swift */; };
		EEAD8138225CF7EB00726629 /* BandSettingsViewController.swift in Sources */ = {isa = PBXBuildFile; fileRef = EEAD8137225CF7EB00726629 /* BandSettingsViewController.swift */; };
		EEC01B402273516D0085CF29 /* BraseletsView.swift in Sources */ = {isa = PBXBuildFile; fileRef = EEC01B3F2273516D0085CF29 /* BraseletsView.swift */; };
		EEC01B422273518A0085CF29 /* BraseletsView.xib in Resources */ = {isa = PBXBuildFile; fileRef = EEC01B412273518A0085CF29 /* BraseletsView.xib */; };
		EECFEC882264912C00833163 /* EnterViewController.swift in Sources */ = {isa = PBXBuildFile; fileRef = EECFEC872264912C00833163 /* EnterViewController.swift */; };
		EECFEC8A2264B53800833163 /* ProfilePresenter.swift in Sources */ = {isa = PBXBuildFile; fileRef = EECFEC892264B53800833163 /* ProfilePresenter.swift */; };
		EECFEC8C2264CC1D00833163 /* Protocols.swift in Sources */ = {isa = PBXBuildFile; fileRef = EECFEC8B2264CC1D00833163 /* Protocols.swift */; };
		EECFEC8E2264DD3300833163 /* Model.swift in Sources */ = {isa = PBXBuildFile; fileRef = EECFEC8D2264DD3300833163 /* Model.swift */; };
		EECFEC902265EAF400833163 /* CustomAlert.swift in Sources */ = {isa = PBXBuildFile; fileRef = EECFEC8F2265EAF400833163 /* CustomAlert.swift */; };
		EEDD6A3D225F423C007D5994 /* Settings.svg in Resources */ = {isa = PBXBuildFile; fileRef = EEDD6A3C225F423C007D5994 /* Settings.svg */; };
		EEDD6A3F225F4808007D5994 /* Support.svg in Resources */ = {isa = PBXBuildFile; fileRef = EEDD6A3E225F4808007D5994 /* Support.svg */; };
		EEDD6A41225F4880007D5994 /* Avatar.svg in Resources */ = {isa = PBXBuildFile; fileRef = EEDD6A40225F4880007D5994 /* Avatar.svg */; };
		EEDD6A43225F488D007D5994 /* Search.svg in Resources */ = {isa = PBXBuildFile; fileRef = EEDD6A42225F488D007D5994 /* Search.svg */; };
		EEDD6A45225F4899007D5994 /* Sound.svg in Resources */ = {isa = PBXBuildFile; fileRef = EEDD6A44225F4898007D5994 /* Sound.svg */; };
		EEDD6A47225F4A30007D5994 /* Braselet.svg in Resources */ = {isa = PBXBuildFile; fileRef = EEDD6A46225F4A30007D5994 /* Braselet.svg */; };
		EEDD6A49225F54C3007D5994 /* Connected.svg in Resources */ = {isa = PBXBuildFile; fileRef = EEDD6A48225F54C3007D5994 /* Connected.svg */; };
		EEDD6A4B225F6451007D5994 /* Doctor.svg in Resources */ = {isa = PBXBuildFile; fileRef = EEDD6A4A225F6451007D5994 /* Doctor.svg */; };
		EEDD6A4D225F678C007D5994 /* Card.svg in Resources */ = {isa = PBXBuildFile; fileRef = EEDD6A4C225F678C007D5994 /* Card.svg */; };
		EEDD6A4F225F67DF007D5994 /* Calendar.svg in Resources */ = {isa = PBXBuildFile; fileRef = EEDD6A4E225F67DF007D5994 /* Calendar.svg */; };
		EEDD6A51225F6C7B007D5994 /* Lung.svg in Resources */ = {isa = PBXBuildFile; fileRef = EEDD6A50225F6C7B007D5994 /* Lung.svg */; };
		EEDD6A53225F6C92007D5994 /* Vibration.svg in Resources */ = {isa = PBXBuildFile; fileRef = EEDD6A52225F6C92007D5994 /* Vibration.svg */; };
		EEDD6A55225F6CAD007D5994 /* Water.svg in Resources */ = {isa = PBXBuildFile; fileRef = EEDD6A54225F6CAD007D5994 /* Water.svg */; };
		EEDD6A57225F6CC4007D5994 /* Banana.svg in Resources */ = {isa = PBXBuildFile; fileRef = EEDD6A56225F6CC4007D5994 /* Banana.svg */; };
		EEDD6A59225F7819007D5994 /* LaunchScreenViewController.swift in Sources */ = {isa = PBXBuildFile; fileRef = EEDD6A58225F7819007D5994 /* LaunchScreenViewController.swift */; };
		EEDD6A5C225F86E4007D5994 /* OtherNotificationViewController.swift in Sources */ = {isa = PBXBuildFile; fileRef = EEDD6A5B225F86E4007D5994 /* OtherNotificationViewController.swift */; };
		EEDD6A61225F888C007D5994 /* WhatsApp.svg in Resources */ = {isa = PBXBuildFile; fileRef = EEDD6A60225F888C007D5994 /* WhatsApp.svg */; };
		EEDD6A67225F88E6007D5994 /* Twitter.svg in Resources */ = {isa = PBXBuildFile; fileRef = EEDD6A62225F88E5007D5994 /* Twitter.svg */; };
		EEDD6A68225F88E6007D5994 /* Facebook.svg in Resources */ = {isa = PBXBuildFile; fileRef = EEDD6A63225F88E6007D5994 /* Facebook.svg */; };
		EEDD6A69225F88E6007D5994 /* Viber.svg in Resources */ = {isa = PBXBuildFile; fileRef = EEDD6A64225F88E6007D5994 /* Viber.svg */; };
		EEDD6A6A225F88E6007D5994 /* Vk.svg in Resources */ = {isa = PBXBuildFile; fileRef = EEDD6A65225F88E6007D5994 /* Vk.svg */; };
		EEDD6A6B225F88E6007D5994 /* Skype.svg in Resources */ = {isa = PBXBuildFile; fileRef = EEDD6A66225F88E6007D5994 /* Skype.svg */; };
		EEDD6A6E225F8EE3007D5994 /* ThemeSettingsViewController.swift in Sources */ = {isa = PBXBuildFile; fileRef = EEDD6A6D225F8EE3007D5994 /* ThemeSettingsViewController.swift */; };
		EEDD6A70225F9AF0007D5994 /* HelpSettingsViewController.swift in Sources */ = {isa = PBXBuildFile; fileRef = EEDD6A6F225F9AF0007D5994 /* HelpSettingsViewController.swift */; };
		EEDD6A73225F9BA2007D5994 /* Book.svg in Resources */ = {isa = PBXBuildFile; fileRef = EEDD6A72225F9BA2007D5994 /* Book.svg */; };
		EEDD6A75225F9C23007D5994 /* Phone.svg in Resources */ = {isa = PBXBuildFile; fileRef = EEDD6A74225F9C22007D5994 /* Phone.svg */; };
		EEDD6A77225F9C2D007D5994 /* Message.svg in Resources */ = {isa = PBXBuildFile; fileRef = EEDD6A76225F9C2D007D5994 /* Message.svg */; };
		EEDD6A79225F9C3E007D5994 /* Notification.svg in Resources */ = {isa = PBXBuildFile; fileRef = EEDD6A78225F9C3E007D5994 /* Notification.svg */; };
		EEDD6A7C22608DD7007D5994 /* MonitorngViewController.swift in Sources */ = {isa = PBXBuildFile; fileRef = EEDD6A7B22608DD7007D5994 /* MonitorngViewController.swift */; };
		EEDD6A7E22609D20007D5994 /* PressureAndPulseViewController.swift in Sources */ = {isa = PBXBuildFile; fileRef = EEDD6A7D22609D20007D5994 /* PressureAndPulseViewController.swift */; };
		EEDD6A802260A3EE007D5994 /* IndexAndECGViewController.swift in Sources */ = {isa = PBXBuildFile; fileRef = EEDD6A7F2260A3EE007D5994 /* IndexAndECGViewController.swift */; };
		EEDD6A822260AA9D007D5994 /* ConnectHelpViewController.swift in Sources */ = {isa = PBXBuildFile; fileRef = EEDD6A812260AA9D007D5994 /* ConnectHelpViewController.swift */; };
		EEDD6A862260CC9B007D5994 /* CustomTextField.swift in Sources */ = {isa = PBXBuildFile; fileRef = EEDD6A852260CC9B007D5994 /* CustomTextField.swift */; };
		EEE684F3224E4B7200849E5F /* AppSettingsViewController.swift in Sources */ = {isa = PBXBuildFile; fileRef = EEE684F2224E4B7200849E5F /* AppSettingsViewController.swift */; };
		EEE8D7F722523B7A00346166 /* indexViewController.swift in Sources */ = {isa = PBXBuildFile; fileRef = EEE8D7F622523B7A00346166 /* indexViewController.swift */; };
		EEE8D7FD2253C85E00346166 /* DoctorViewController.swift in Sources */ = {isa = PBXBuildFile; fileRef = EEE8D7FC2253C85E00346166 /* DoctorViewController.swift */; };
		EEEC63462260CE5F00692DC9 /* ProfileViewController.swift in Sources */ = {isa = PBXBuildFile; fileRef = EEEC63452260CE5F00692DC9 /* ProfileViewController.swift */; };
		EEEC63492260E21500692DC9 /* SexMenuViewController.swift in Sources */ = {isa = PBXBuildFile; fileRef = EEEC63482260E21500692DC9 /* SexMenuViewController.swift */; };
		EEF3A0F0226DFCE9005928CF /* IndexInfoViewController.swift in Sources */ = {isa = PBXBuildFile; fileRef = EEF3A0EF226DFCE9005928CF /* IndexInfoViewController.swift */; };
/* End PBXBuildFile section */

/* Begin PBXFileReference section */
		047082554641EE1593E0CDEF /* Pods-Health2.0.release.xcconfig */ = {isa = PBXFileReference; includeInIndex = 1; lastKnownFileType = text.xcconfig; name = "Pods-Health2.0.release.xcconfig"; path = "Target Support Files/Pods-Health2.0/Pods-Health2.0.release.xcconfig"; sourceTree = "<group>"; };
		57360DD6E982679F22A5582C /* Pods-Health2.0.debug.xcconfig */ = {isa = PBXFileReference; includeInIndex = 1; lastKnownFileType = text.xcconfig; name = "Pods-Health2.0.debug.xcconfig"; path = "Target Support Files/Pods-Health2.0/Pods-Health2.0.debug.xcconfig"; sourceTree = "<group>"; };
		ABDC69CA0A54F1665C504E83 /* Pods_Health2_0.framework */ = {isa = PBXFileReference; explicitFileType = wrapper.framework; includeInIndex = 0; path = Pods_Health2_0.framework; sourceTree = BUILT_PRODUCTS_DIR; };
		EE0942422264845B00F119B8 /* Profile.swift */ = {isa = PBXFileReference; lastKnownFileType = sourcecode.swift; path = Profile.swift; sourceTree = "<group>"; };
		EE3C2C90225B49A800A46B55 /* SWRevealViewController.m */ = {isa = PBXFileReference; fileEncoding = 4; lastKnownFileType = sourcecode.c.objc; path = SWRevealViewController.m; sourceTree = "<group>"; };
		EE3C2C91225B49A800A46B55 /* SWRevealViewController.h */ = {isa = PBXFileReference; fileEncoding = 4; lastKnownFileType = sourcecode.c.h; path = SWRevealViewController.h; sourceTree = "<group>"; };
		EE3C2C95225B4A6F00A46B55 /* Health2.0-Bridging-Header.h */ = {isa = PBXFileReference; lastKnownFileType = sourcecode.c.h; path = "Health2.0-Bridging-Header.h"; sourceTree = "<group>"; };
		EE4394D3225600C600510A5D /* TrViewController.swift */ = {isa = PBXFileReference; lastKnownFileType = sourcecode.swift; path = TrViewController.swift; sourceTree = "<group>"; };
		EE4394DB22560A2600510A5D /* ButtonView.swift */ = {isa = PBXFileReference; lastKnownFileType = sourcecode.swift; path = ButtonView.swift; sourceTree = "<group>"; };
		EE51C0D5224CF58200914EF2 /* Health2.0.app */ = {isa = PBXFileReference; explicitFileType = wrapper.application; includeInIndex = 0; path = Health2.0.app; sourceTree = BUILT_PRODUCTS_DIR; };
		EE51C0D8224CF58200914EF2 /* AppDelegate.swift */ = {isa = PBXFileReference; lastKnownFileType = sourcecode.swift; path = AppDelegate.swift; sourceTree = "<group>"; };
		EE51C0DA224CF58200914EF2 /* ViewController.swift */ = {isa = PBXFileReference; lastKnownFileType = sourcecode.swift; path = ViewController.swift; sourceTree = "<group>"; };
		EE51C0DD224CF58200914EF2 /* Base */ = {isa = PBXFileReference; lastKnownFileType = file.storyboard; name = Base; path = Base.lproj/Main.storyboard; sourceTree = "<group>"; };
		EE51C0DF224CF58300914EF2 /* Assets.xcassets */ = {isa = PBXFileReference; lastKnownFileType = folder.assetcatalog; path = Assets.xcassets; sourceTree = "<group>"; };
		EE51C0E4224CF58300914EF2 /* Info.plist */ = {isa = PBXFileReference; lastKnownFileType = text.plist.xml; path = Info.plist; sourceTree = "<group>"; };
		EE51C0F0224D348F00914EF2 /* SearchViewController.swift */ = {isa = PBXFileReference; lastKnownFileType = sourcecode.swift; path = SearchViewController.swift; sourceTree = "<group>"; };
		EE51C0F2224D361200914EF2 /* Vector.svg */ = {isa = PBXFileReference; fileEncoding = 4; lastKnownFileType = text; path = Vector.svg; sourceTree = "<group>"; };
		EE51C0F5224D431800914EF2 /* gotham_pro.ttf */ = {isa = PBXFileReference; lastKnownFileType = file; path = gotham_pro.ttf; sourceTree = "<group>"; };
		EE51C0F6224D431900914EF2 /* gotham_pro_bold.ttf */ = {isa = PBXFileReference; lastKnownFileType = file; path = gotham_pro_bold.ttf; sourceTree = "<group>"; };
		EE51C0F9224E196000914EF2 /* Braselets.png */ = {isa = PBXFileReference; lastKnownFileType = image.png; path = Braselets.png; sourceTree = "<group>"; };
		EE51C0FB224E1A9A00914EF2 /* LaunchScreen.storyboard */ = {isa = PBXFileReference; fileEncoding = 4; lastKnownFileType = file.storyboard; path = LaunchScreen.storyboard; sourceTree = "<group>"; };
		EE51C0FF224E1EA400914EF2 /* Здоровье 2.0.png */ = {isa = PBXFileReference; lastKnownFileType = image.png; path = "Здоровье 2.0.png"; sourceTree = "<group>"; };
		EE51C101224E1FA600914EF2 /* Здоровье 2.0 Dark.png */ = {isa = PBXFileReference; lastKnownFileType = image.png; path = "Здоровье 2.0 Dark.png"; sourceTree = "<group>"; };
		EE51C103224E245400914EF2 /* Здоровье 2.0 Red.png */ = {isa = PBXFileReference; lastKnownFileType = image.png; path = "Здоровье 2.0 Red.png"; sourceTree = "<group>"; };
		EE5CF16B22566837002AB3CC /* IndicateViewController.swift */ = {isa = PBXFileReference; lastKnownFileType = sourcecode.swift; path = IndicateViewController.swift; sourceTree = "<group>"; };
		EE61CDC422560EF90068726C /* InfoSlider.swift */ = {isa = PBXFileReference; lastKnownFileType = sourcecode.swift; path = InfoSlider.swift; sourceTree = "<group>"; };
		EE6B98EE2257591E009977EF /* SlideViewController.swift */ = {isa = PBXFileReference; lastKnownFileType = sourcecode.swift; path = SlideViewController.swift; sourceTree = "<group>"; };
		EE9167AC226A0B8F0000A2EB /* HandViewController.swift */ = {isa = PBXFileReference; lastKnownFileType = sourcecode.swift; path = HandViewController.swift; sourceTree = "<group>"; };
		EE9CCB45226F24B100602C34 /* CalendarViewController.swift */ = {isa = PBXFileReference; lastKnownFileType = sourcecode.swift; path = CalendarViewController.swift; sourceTree = "<group>"; };
		EE9CCB47226F340000602C34 /* CalendarView.swift */ = {isa = PBXFileReference; lastKnownFileType = sourcecode.swift; path = CalendarView.swift; sourceTree = "<group>"; };
		EE9CCB49226F38C900602C34 /* AddCourseViewController.swift */ = {isa = PBXFileReference; lastKnownFileType = sourcecode.swift; path = AddCourseViewController.swift; sourceTree = "<group>"; };
		EE9CCB4D227313C300602C34 /* TimeView.swift */ = {isa = PBXFileReference; lastKnownFileType = sourcecode.swift; path = TimeView.swift; sourceTree = "<group>"; };
		EE9CCB512273154600602C34 /* TimeView.xib */ = {isa = PBXFileReference; lastKnownFileType = file.xib; path = TimeView.xib; sourceTree = "<group>"; };
		EEAD812E225B6B6400726629 /* ConsultationViewController.swift */ = {isa = PBXFileReference; lastKnownFileType = sourcecode.swift; path = ConsultationViewController.swift; sourceTree = "<group>"; };
		EEAD8133225CBA0000726629 /* CustomSegue.swift */ = {isa = PBXFileReference; lastKnownFileType = sourcecode.swift; path = CustomSegue.swift; sourceTree = "<group>"; };
		EEAD8137225CF7EB00726629 /* BandSettingsViewController.swift */ = {isa = PBXFileReference; lastKnownFileType = sourcecode.swift; path = BandSettingsViewController.swift; sourceTree = "<group>"; };
		EEC01B3F2273516D0085CF29 /* BraseletsView.swift */ = {isa = PBXFileReference; lastKnownFileType = sourcecode.swift; path = BraseletsView.swift; sourceTree = "<group>"; };
		EEC01B412273518A0085CF29 /* BraseletsView.xib */ = {isa = PBXFileReference; lastKnownFileType = file.xib; path = BraseletsView.xib; sourceTree = "<group>"; };
		EECFEC872264912C00833163 /* EnterViewController.swift */ = {isa = PBXFileReference; lastKnownFileType = sourcecode.swift; path = EnterViewController.swift; sourceTree = "<group>"; };
		EECFEC892264B53800833163 /* ProfilePresenter.swift */ = {isa = PBXFileReference; lastKnownFileType = sourcecode.swift; path = ProfilePresenter.swift; sourceTree = "<group>"; };
		EECFEC8B2264CC1D00833163 /* Protocols.swift */ = {isa = PBXFileReference; lastKnownFileType = sourcecode.swift; path = Protocols.swift; sourceTree = "<group>"; };
		EECFEC8D2264DD3300833163 /* Model.swift */ = {isa = PBXFileReference; lastKnownFileType = sourcecode.swift; path = Model.swift; sourceTree = "<group>"; };
		EECFEC8F2265EAF400833163 /* CustomAlert.swift */ = {isa = PBXFileReference; lastKnownFileType = sourcecode.swift; path = CustomAlert.swift; sourceTree = "<group>"; };
		EEDD6A3C225F423C007D5994 /* Settings.svg */ = {isa = PBXFileReference; fileEncoding = 4; lastKnownFileType = text; path = Settings.svg; sourceTree = "<group>"; };
		EEDD6A3E225F4808007D5994 /* Support.svg */ = {isa = PBXFileReference; fileEncoding = 4; lastKnownFileType = text; path = Support.svg; sourceTree = "<group>"; };
		EEDD6A40225F4880007D5994 /* Avatar.svg */ = {isa = PBXFileReference; fileEncoding = 4; lastKnownFileType = text; path = Avatar.svg; sourceTree = "<group>"; };
		EEDD6A42225F488D007D5994 /* Search.svg */ = {isa = PBXFileReference; fileEncoding = 4; lastKnownFileType = text; path = Search.svg; sourceTree = "<group>"; };
		EEDD6A44225F4898007D5994 /* Sound.svg */ = {isa = PBXFileReference; fileEncoding = 4; lastKnownFileType = text; path = Sound.svg; sourceTree = "<group>"; };
		EEDD6A46225F4A30007D5994 /* Braselet.svg */ = {isa = PBXFileReference; fileEncoding = 4; lastKnownFileType = text; path = Braselet.svg; sourceTree = "<group>"; };
		EEDD6A48225F54C3007D5994 /* Connected.svg */ = {isa = PBXFileReference; fileEncoding = 4; lastKnownFileType = text; path = Connected.svg; sourceTree = "<group>"; };
		EEDD6A4A225F6451007D5994 /* Doctor.svg */ = {isa = PBXFileReference; fileEncoding = 4; lastKnownFileType = text; path = Doctor.svg; sourceTree = "<group>"; };
		EEDD6A4C225F678C007D5994 /* Card.svg */ = {isa = PBXFileReference; fileEncoding = 4; lastKnownFileType = text; path = Card.svg; sourceTree = "<group>"; };
		EEDD6A4E225F67DF007D5994 /* Calendar.svg */ = {isa = PBXFileReference; fileEncoding = 4; lastKnownFileType = text; path = Calendar.svg; sourceTree = "<group>"; };
		EEDD6A50225F6C7B007D5994 /* Lung.svg */ = {isa = PBXFileReference; fileEncoding = 4; lastKnownFileType = text; path = Lung.svg; sourceTree = "<group>"; };
		EEDD6A52225F6C92007D5994 /* Vibration.svg */ = {isa = PBXFileReference; fileEncoding = 4; lastKnownFileType = text; path = Vibration.svg; sourceTree = "<group>"; };
		EEDD6A54225F6CAD007D5994 /* Water.svg */ = {isa = PBXFileReference; fileEncoding = 4; lastKnownFileType = text; path = Water.svg; sourceTree = "<group>"; };
		EEDD6A56225F6CC4007D5994 /* Banana.svg */ = {isa = PBXFileReference; fileEncoding = 4; lastKnownFileType = text; path = Banana.svg; sourceTree = "<group>"; };
		EEDD6A58225F7819007D5994 /* LaunchScreenViewController.swift */ = {isa = PBXFileReference; lastKnownFileType = sourcecode.swift; path = LaunchScreenViewController.swift; sourceTree = "<group>"; };
		EEDD6A5B225F86E4007D5994 /* OtherNotificationViewController.swift */ = {isa = PBXFileReference; lastKnownFileType = sourcecode.swift; path = OtherNotificationViewController.swift; sourceTree = "<group>"; };
		EEDD6A60225F888C007D5994 /* WhatsApp.svg */ = {isa = PBXFileReference; fileEncoding = 4; lastKnownFileType = text; path = WhatsApp.svg; sourceTree = "<group>"; };
		EEDD6A62225F88E5007D5994 /* Twitter.svg */ = {isa = PBXFileReference; fileEncoding = 4; lastKnownFileType = text; path = Twitter.svg; sourceTree = "<group>"; };
		EEDD6A63225F88E6007D5994 /* Facebook.svg */ = {isa = PBXFileReference; fileEncoding = 4; lastKnownFileType = text; path = Facebook.svg; sourceTree = "<group>"; };
		EEDD6A64225F88E6007D5994 /* Viber.svg */ = {isa = PBXFileReference; fileEncoding = 4; lastKnownFileType = text; path = Viber.svg; sourceTree = "<group>"; };
		EEDD6A65225F88E6007D5994 /* Vk.svg */ = {isa = PBXFileReference; fileEncoding = 4; lastKnownFileType = text; path = Vk.svg; sourceTree = "<group>"; };
		EEDD6A66225F88E6007D5994 /* Skype.svg */ = {isa = PBXFileReference; fileEncoding = 4; lastKnownFileType = text; path = Skype.svg; sourceTree = "<group>"; };
		EEDD6A6D225F8EE3007D5994 /* ThemeSettingsViewController.swift */ = {isa = PBXFileReference; lastKnownFileType = sourcecode.swift; path = ThemeSettingsViewController.swift; sourceTree = "<group>"; };
		EEDD6A6F225F9AF0007D5994 /* HelpSettingsViewController.swift */ = {isa = PBXFileReference; lastKnownFileType = sourcecode.swift; path = HelpSettingsViewController.swift; sourceTree = "<group>"; };
		EEDD6A72225F9BA2007D5994 /* Book.svg */ = {isa = PBXFileReference; fileEncoding = 4; lastKnownFileType = text; path = Book.svg; sourceTree = "<group>"; };
		EEDD6A74225F9C22007D5994 /* Phone.svg */ = {isa = PBXFileReference; fileEncoding = 4; lastKnownFileType = text; path = Phone.svg; sourceTree = "<group>"; };
		EEDD6A76225F9C2D007D5994 /* Message.svg */ = {isa = PBXFileReference; fileEncoding = 4; lastKnownFileType = text; path = Message.svg; sourceTree = "<group>"; };
		EEDD6A78225F9C3E007D5994 /* Notification.svg */ = {isa = PBXFileReference; fileEncoding = 4; lastKnownFileType = text; path = Notification.svg; sourceTree = "<group>"; };
		EEDD6A7B22608DD7007D5994 /* MonitorngViewController.swift */ = {isa = PBXFileReference; lastKnownFileType = sourcecode.swift; path = MonitorngViewController.swift; sourceTree = "<group>"; };
		EEDD6A7D22609D20007D5994 /* PressureAndPulseViewController.swift */ = {isa = PBXFileReference; lastKnownFileType = sourcecode.swift; path = PressureAndPulseViewController.swift; sourceTree = "<group>"; };
		EEDD6A7F2260A3EE007D5994 /* IndexAndECGViewController.swift */ = {isa = PBXFileReference; lastKnownFileType = sourcecode.swift; path = IndexAndECGViewController.swift; sourceTree = "<group>"; };
		EEDD6A812260AA9D007D5994 /* ConnectHelpViewController.swift */ = {isa = PBXFileReference; lastKnownFileType = sourcecode.swift; path = ConnectHelpViewController.swift; sourceTree = "<group>"; };
		EEDD6A852260CC9B007D5994 /* CustomTextField.swift */ = {isa = PBXFileReference; lastKnownFileType = sourcecode.swift; path = CustomTextField.swift; sourceTree = "<group>"; };
		EEE684F2224E4B7200849E5F /* AppSettingsViewController.swift */ = {isa = PBXFileReference; lastKnownFileType = sourcecode.swift; path = AppSettingsViewController.swift; sourceTree = "<group>"; };
		EEE8D7F622523B7A00346166 /* indexViewController.swift */ = {isa = PBXFileReference; lastKnownFileType = sourcecode.swift; path = indexViewController.swift; sourceTree = "<group>"; };
		EEE8D7FC2253C85E00346166 /* DoctorViewController.swift */ = {isa = PBXFileReference; lastKnownFileType = sourcecode.swift; path = DoctorViewController.swift; sourceTree = "<group>"; };
		EEEC63452260CE5F00692DC9 /* ProfileViewController.swift */ = {isa = PBXFileReference; lastKnownFileType = sourcecode.swift; path = ProfileViewController.swift; sourceTree = "<group>"; };
		EEEC63482260E21500692DC9 /* SexMenuViewController.swift */ = {isa = PBXFileReference; lastKnownFileType = sourcecode.swift; path = SexMenuViewController.swift; sourceTree = "<group>"; };
		EEF3A0EF226DFCE9005928CF /* IndexInfoViewController.swift */ = {isa = PBXFileReference; lastKnownFileType = sourcecode.swift; path = IndexInfoViewController.swift; sourceTree = "<group>"; };
/* End PBXFileReference section */

/* Begin PBXFrameworksBuildPhase section */
		EE51C0D2224CF58200914EF2 /* Frameworks */ = {
			isa = PBXFrameworksBuildPhase;
			buildActionMask = 2147483647;
			files = (
				BBB53BD9D9D1E69C77F92D8B /* Pods_Health2_0.framework in Frameworks */,
			);
			runOnlyForDeploymentPostprocessing = 0;
		};
/* End PBXFrameworksBuildPhase section */

/* Begin PBXGroup section */
		8D84A816E925764015DF2C59 /* Pods */ = {
			isa = PBXGroup;
			children = (
				57360DD6E982679F22A5582C /* Pods-Health2.0.debug.xcconfig */,
				047082554641EE1593E0CDEF /* Pods-Health2.0.release.xcconfig */,
			);
			path = Pods;
			sourceTree = "<group>";
		};
		E59DD2C25D9FA816C6C34B01 /* Frameworks */ = {
			isa = PBXGroup;
			children = (
				ABDC69CA0A54F1665C504E83 /* Pods_Health2_0.framework */,
			);
			name = Frameworks;
			sourceTree = "<group>";
		};
		EE3C2C93225B49AD00A46B55 /* SWRevealViewController */ = {
			isa = PBXGroup;
			children = (
				EE3C2C91225B49A800A46B55 /* SWRevealViewController.h */,
				EE3C2C90225B49A800A46B55 /* SWRevealViewController.m */,
				EE3C2C95225B4A6F00A46B55 /* Health2.0-Bridging-Header.h */,
			);
			path = SWRevealViewController;
			sourceTree = "<group>";
		};
		EE4394D22256008F00510A5D /* TrScreen */ = {
			isa = PBXGroup;
			children = (
				EE9CCB44226F249E00602C34 /* Calendar */,
				EE4394D3225600C600510A5D /* TrViewController.swift */,
			);
			path = TrScreen;
			sourceTree = "<group>";
		};
		EE51C0CC224CF58200914EF2 = {
			isa = PBXGroup;
			children = (
				EE51C0D7224CF58200914EF2 /* Health2.0 */,
				EE51C0D6224CF58200914EF2 /* Products */,
				E59DD2C25D9FA816C6C34B01 /* Frameworks */,
				8D84A816E925764015DF2C59 /* Pods */,
			);
			sourceTree = "<group>";
		};
		EE51C0D6224CF58200914EF2 /* Products */ = {
			isa = PBXGroup;
			children = (
				EE51C0D5224CF58200914EF2 /* Health2.0.app */,
			);
			name = Products;
			sourceTree = "<group>";
		};
		EE51C0D7224CF58200914EF2 /* Health2.0 */ = {
			isa = PBXGroup;
			children = (
				EE51C0D8224CF58200914EF2 /* AppDelegate.swift */,
				EE3C2C93225B49AD00A46B55 /* SWRevealViewController */,
				EEAD8130225CA9A000726629 /* SlideBarSettings */,
				EEE7BCD92252175900A42E65 /* RegistrationAndStart */,
				EEE7BCDA2252187300A42E65 /* HealthScreen */,
				EEE8D7F82253C05700346166 /* IndicatorsScreen */,
				EEE8D7FB2253C83B00346166 /* DoctorScreen */,
				EE51C0DC224CF58200914EF2 /* Main.storyboard */,
				EE61CDC322560ECD0068726C /* CreatedElements */,
				EE4394D22256008F00510A5D /* TrScreen */,
				EE51C0DF224CF58300914EF2 /* Assets.xcassets */,
				EE51C0FB224E1A9A00914EF2 /* LaunchScreen.storyboard */,
				EEDD6A58225F7819007D5994 /* LaunchScreenViewController.swift */,
				EE51C0F4224D42C000914EF2 /* Resources */,
				EE51C0E4224CF58300914EF2 /* Info.plist */,
				EECFEC9122661A0500833163 /* MVP */,
			);
			path = Health2.0;
			sourceTree = "<group>";
		};
		EE51C0F4224D42C000914EF2 /* Resources */ = {
			isa = PBXGroup;
			children = (
				EEDD6A3B225F41E3007D5994 /* SVGImages */,
				EE51C103224E245400914EF2 /* Здоровье 2.0 Red.png */,
				EE51C0FF224E1EA400914EF2 /* Здоровье 2.0.png */,
				EE51C101224E1FA600914EF2 /* Здоровье 2.0 Dark.png */,
				EE51C0F9224E196000914EF2 /* Braselets.png */,
				EE51C0F6224D431900914EF2 /* gotham_pro_bold.ttf */,
				EE51C0F5224D431800914EF2 /* gotham_pro.ttf */,
			);
			path = Resources;
			sourceTree = "<group>";
		};
		EE61CDC322560ECD0068726C /* CreatedElements */ = {
			isa = PBXGroup;
			children = (
				EE9CCB4B2273135900602C34 /* Custom Views */,
				EE4394DB22560A2600510A5D /* ButtonView.swift */,
				EE61CDC422560EF90068726C /* InfoSlider.swift */,
				EEAD8133225CBA0000726629 /* CustomSegue.swift */,
				EEDD6A852260CC9B007D5994 /* CustomTextField.swift */,
				EECFEC8F2265EAF400833163 /* CustomAlert.swift */,
				EE9CCB47226F340000602C34 /* CalendarView.swift */,
			);
			path = CreatedElements;
			sourceTree = "<group>";
		};
		EE9CCB44226F249E00602C34 /* Calendar */ = {
			isa = PBXGroup;
			children = (
				EE9CCB45226F24B100602C34 /* CalendarViewController.swift */,
				EE9CCB49226F38C900602C34 /* AddCourseViewController.swift */,
			);
			path = Calendar;
			sourceTree = "<group>";
		};
		EE9CCB4B2273135900602C34 /* Custom Views */ = {
			isa = PBXGroup;
			children = (
				EEC01B3E2273513A0085CF29 /* BraseletsView */,
				EEC01B3D227350EF0085CF29 /* TimeView */,
			);
			path = "Custom Views";
			sourceTree = "<group>";
		};
		EEAD8130225CA9A000726629 /* SlideBarSettings */ = {
			isa = PBXGroup;
			children = (
				EE6B98EE2257591E009977EF /* SlideViewController.swift */,
				EEEC63472260E1F800692DC9 /* ProfileScreen */,
				EEDD6A5A225F868C007D5994 /* AppSetings */,
				EEDD6A6C225F8E9E007D5994 /* BandSettings */,
			);
			name = SlideBarSettings;
			path = ..;
			sourceTree = "<group>";
		};
		EEC01B3D227350EF0085CF29 /* TimeView */ = {
			isa = PBXGroup;
			children = (
				EE9CCB4D227313C300602C34 /* TimeView.swift */,
				EE9CCB512273154600602C34 /* TimeView.xib */,
			);
			path = TimeView;
			sourceTree = "<group>";
		};
		EEC01B3E2273513A0085CF29 /* BraseletsView */ = {
			isa = PBXGroup;
			children = (
				EEC01B3F2273516D0085CF29 /* BraseletsView.swift */,
				EEC01B412273518A0085CF29 /* BraseletsView.xib */,
			);
			path = BraseletsView;
			sourceTree = "<group>";
		};
		EECFEC9122661A0500833163 /* MVP */ = {
			isa = PBXGroup;
			children = (
				EE0942422264845B00F119B8 /* Profile.swift */,
				EECFEC8D2264DD3300833163 /* Model.swift */,
				EECFEC892264B53800833163 /* ProfilePresenter.swift */,
				EECFEC8B2264CC1D00833163 /* Protocols.swift */,
			);
			path = MVP;
			sourceTree = "<group>";
		};
		EEDD6A3B225F41E3007D5994 /* SVGImages */ = {
			isa = PBXGroup;
			children = (
				EEDD6A71225F9B91007D5994 /* HelpSettings */,
				EEDD6A5F225F8864007D5994 /* Messengers */,
				EEDD6A5E225F8822007D5994 /* MainMenu */,
				EEDD6A5D225F87E9007D5994 /* SideMenu */,
				EEDD6A48225F54C3007D5994 /* Connected.svg */,
				EE51C0F2224D361200914EF2 /* Vector.svg */,
			);
			path = SVGImages;
			sourceTree = "<group>";
		};
		EEDD6A5A225F868C007D5994 /* AppSetings */ = {
			isa = PBXGroup;
			children = (
				EEDD6A7A22608DAF007D5994 /* Monitoring */,
				EEE684F2224E4B7200849E5F /* AppSettingsViewController.swift */,
				EEDD6A6D225F8EE3007D5994 /* ThemeSettingsViewController.swift */,
				EEDD6A6F225F9AF0007D5994 /* HelpSettingsViewController.swift */,
				EEDD6A812260AA9D007D5994 /* ConnectHelpViewController.swift */,
			);
			path = AppSetings;
			sourceTree = "<group>";
		};
		EEDD6A5D225F87E9007D5994 /* SideMenu */ = {
			isa = PBXGroup;
			children = (
				EEDD6A3C225F423C007D5994 /* Settings.svg */,
				EEDD6A40225F4880007D5994 /* Avatar.svg */,
				EEDD6A44225F4898007D5994 /* Sound.svg */,
				EEDD6A3E225F4808007D5994 /* Support.svg */,
				EEDD6A42225F488D007D5994 /* Search.svg */,
				EEDD6A46225F4A30007D5994 /* Braselet.svg */,
			);
			path = SideMenu;
			sourceTree = "<group>";
		};
		EEDD6A5E225F8822007D5994 /* MainMenu */ = {
			isa = PBXGroup;
			children = (
				EEDD6A4C225F678C007D5994 /* Card.svg */,
				EEDD6A52225F6C92007D5994 /* Vibration.svg */,
				EEDD6A56225F6CC4007D5994 /* Banana.svg */,
				EEDD6A4E225F67DF007D5994 /* Calendar.svg */,
				EEDD6A50225F6C7B007D5994 /* Lung.svg */,
				EEDD6A54225F6CAD007D5994 /* Water.svg */,
				EEDD6A4A225F6451007D5994 /* Doctor.svg */,
			);
			path = MainMenu;
			sourceTree = "<group>";
		};
		EEDD6A5F225F8864007D5994 /* Messengers */ = {
			isa = PBXGroup;
			children = (
				EEDD6A63225F88E6007D5994 /* Facebook.svg */,
				EEDD6A66225F88E6007D5994 /* Skype.svg */,
				EEDD6A62225F88E5007D5994 /* Twitter.svg */,
				EEDD6A64225F88E6007D5994 /* Viber.svg */,
				EEDD6A65225F88E6007D5994 /* Vk.svg */,
				EEDD6A60225F888C007D5994 /* WhatsApp.svg */,
			);
			path = Messengers;
			sourceTree = "<group>";
		};
		EEDD6A6C225F8E9E007D5994 /* BandSettings */ = {
			isa = PBXGroup;
			children = (
				EEAD8137225CF7EB00726629 /* BandSettingsViewController.swift */,
				EEDD6A5B225F86E4007D5994 /* OtherNotificationViewController.swift */,
			);
			path = BandSettings;
			sourceTree = "<group>";
		};
		EEDD6A71225F9B91007D5994 /* HelpSettings */ = {
			isa = PBXGroup;
			children = (
				EEDD6A78225F9C3E007D5994 /* Notification.svg */,
				EEDD6A76225F9C2D007D5994 /* Message.svg */,
				EEDD6A74225F9C22007D5994 /* Phone.svg */,
				EEDD6A72225F9BA2007D5994 /* Book.svg */,
			);
			path = HelpSettings;
			sourceTree = "<group>";
		};
		EEDD6A7A22608DAF007D5994 /* Monitoring */ = {
			isa = PBXGroup;
			children = (
				EEDD6A7B22608DD7007D5994 /* MonitorngViewController.swift */,
				EEDD6A7D22609D20007D5994 /* PressureAndPulseViewController.swift */,
				EEDD6A7F2260A3EE007D5994 /* IndexAndECGViewController.swift */,
			);
			path = Monitoring;
			sourceTree = "<group>";
		};
		EEE7BCD92252175900A42E65 /* RegistrationAndStart */ = {
			isa = PBXGroup;
			children = (
				EE51C0F0224D348F00914EF2 /* SearchViewController.swift */,
				EE51C0DA224CF58200914EF2 /* ViewController.swift */,
				EECFEC872264912C00833163 /* EnterViewController.swift */,
			);
			path = RegistrationAndStart;
			sourceTree = "<group>";
		};
		EEE7BCDA2252187300A42E65 /* HealthScreen */ = {
			isa = PBXGroup;
			children = (
				EEE8D7F622523B7A00346166 /* indexViewController.swift */,
				EEF3A0EF226DFCE9005928CF /* IndexInfoViewController.swift */,
			);
			path = HealthScreen;
			sourceTree = "<group>";
		};
		EEE8D7F82253C05700346166 /* IndicatorsScreen */ = {
			isa = PBXGroup;
			children = (
				EE5CF16B22566837002AB3CC /* IndicateViewController.swift */,
			);
			path = IndicatorsScreen;
			sourceTree = "<group>";
		};
		EEE8D7FB2253C83B00346166 /* DoctorScreen */ = {
			isa = PBXGroup;
			children = (
				EEE8D7FC2253C85E00346166 /* DoctorViewController.swift */,
				EEAD812E225B6B6400726629 /* ConsultationViewController.swift */,
			);
			path = DoctorScreen;
			sourceTree = "<group>";
		};
		EEEC63472260E1F800692DC9 /* ProfileScreen */ = {
			isa = PBXGroup;
			children = (
				EEEC63452260CE5F00692DC9 /* ProfileViewController.swift */,
				EEEC63482260E21500692DC9 /* SexMenuViewController.swift */,
				EE9167AC226A0B8F0000A2EB /* HandViewController.swift */,
			);
			path = ProfileScreen;
			sourceTree = "<group>";
		};
/* End PBXGroup section */

/* Begin PBXNativeTarget section */
		EE51C0D4224CF58200914EF2 /* Health2.0 */ = {
			isa = PBXNativeTarget;
			buildConfigurationList = EE51C0E7224CF58300914EF2 /* Build configuration list for PBXNativeTarget "Health2.0" */;
			buildPhases = (
				9943E6225337E752CD20A94A /* [CP] Check Pods Manifest.lock */,
				EE51C0D1224CF58200914EF2 /* Sources */,
				EE51C0D2224CF58200914EF2 /* Frameworks */,
				EE51C0D3224CF58200914EF2 /* Resources */,
				1437A16952BCC3A38E2366AB /* [CP] Embed Pods Frameworks */,
			);
			buildRules = (
			);
			dependencies = (
			);
			name = Health2.0;
			productName = Health2.0;
			productReference = EE51C0D5224CF58200914EF2 /* Health2.0.app */;
			productType = "com.apple.product-type.application";
		};
/* End PBXNativeTarget section */

/* Begin PBXProject section */
		EE51C0CD224CF58200914EF2 /* Project object */ = {
			isa = PBXProject;
			attributes = {
				KnownAssetTags = (
					New,
				);
				LastSwiftUpdateCheck = 1020;
				LastUpgradeCheck = 1020;
				ORGANIZATIONNAME = "Александр Голубкин";
				TargetAttributes = {
					EE51C0D4224CF58200914EF2 = {
						CreatedOnToolsVersion = 10.2;
						LastSwiftMigration = 1020;
					};
				};
			};
			buildConfigurationList = EE51C0D0224CF58200914EF2 /* Build configuration list for PBXProject "Health2.0" */;
			compatibilityVersion = "Xcode 9.3";
			developmentRegion = en;
			hasScannedForEncodings = 0;
			knownRegions = (
				en,
				Base,
			);
			mainGroup = EE51C0CC224CF58200914EF2;
			productRefGroup = EE51C0D6224CF58200914EF2 /* Products */;
			projectDirPath = "";
			projectRoot = "";
			targets = (
				EE51C0D4224CF58200914EF2 /* Health2.0 */,
			);
		};
/* End PBXProject section */

/* Begin PBXResourcesBuildPhase section */
		EE51C0D3224CF58200914EF2 /* Resources */ = {
			isa = PBXResourcesBuildPhase;
			buildActionMask = 2147483647;
			files = (
				EEDD6A43225F488D007D5994 /* Search.svg in Resources */,
				EEDD6A75225F9C23007D5994 /* Phone.svg in Resources */,
				EEDD6A4B225F6451007D5994 /* Doctor.svg in Resources */,
				EE51C0F7224D431900914EF2 /* gotham_pro.ttf in Resources */,
				EE51C0F3224D361200914EF2 /* Vector.svg in Resources */,
				EEDD6A61225F888C007D5994 /* WhatsApp.svg in Resources */,
				EEDD6A49225F54C3007D5994 /* Connected.svg in Resources */,
				EEDD6A68225F88E6007D5994 /* Facebook.svg in Resources */,
				EE51C0E0224CF58300914EF2 /* Assets.xcassets in Resources */,
				EE51C0DE224CF58200914EF2 /* Main.storyboard in Resources */,
				EEDD6A57225F6CC4007D5994 /* Banana.svg in Resources */,
				EEDD6A79225F9C3E007D5994 /* Notification.svg in Resources */,
				EEDD6A77225F9C2D007D5994 /* Message.svg in Resources */,
				EEDD6A53225F6C92007D5994 /* Vibration.svg in Resources */,
				EE9CCB522273154600602C34 /* TimeView.xib in Resources */,
				EEDD6A4F225F67DF007D5994 /* Calendar.svg in Resources */,
				EEDD6A45225F4899007D5994 /* Sound.svg in Resources */,
				EE51C104224E245400914EF2 /* Здоровье 2.0 Red.png in Resources */,
				EEC01B422273518A0085CF29 /* BraseletsView.xib in Resources */,
				EEDD6A55225F6CAD007D5994 /* Water.svg in Resources */,
				EE51C0FC224E1A9A00914EF2 /* LaunchScreen.storyboard in Resources */,
				EEDD6A3F225F4808007D5994 /* Support.svg in Resources */,
				EE51C100224E1EA400914EF2 /* Здоровье 2.0.png in Resources */,
				EEDD6A4D225F678C007D5994 /* Card.svg in Resources */,
				EE51C0FA224E196000914EF2 /* Braselets.png in Resources */,
				EEDD6A67225F88E6007D5994 /* Twitter.svg in Resources */,
				EE51C0F8224D431900914EF2 /* gotham_pro_bold.ttf in Resources */,
				EEDD6A51225F6C7B007D5994 /* Lung.svg in Resources */,
				EEDD6A69225F88E6007D5994 /* Viber.svg in Resources */,
				EEDD6A6B225F88E6007D5994 /* Skype.svg in Resources */,
				EEDD6A73225F9BA2007D5994 /* Book.svg in Resources */,
				EEDD6A47225F4A30007D5994 /* Braselet.svg in Resources */,
				EEDD6A6A225F88E6007D5994 /* Vk.svg in Resources */,
				EE51C102224E1FA600914EF2 /* Здоровье 2.0 Dark.png in Resources */,
				EEDD6A3D225F423C007D5994 /* Settings.svg in Resources */,
				EEDD6A41225F4880007D5994 /* Avatar.svg in Resources */,
			);
			runOnlyForDeploymentPostprocessing = 0;
		};
/* End PBXResourcesBuildPhase section */

/* Begin PBXShellScriptBuildPhase section */
		1437A16952BCC3A38E2366AB /* [CP] Embed Pods Frameworks */ = {
			isa = PBXShellScriptBuildPhase;
			buildActionMask = 2147483647;
			files = (
			);
			inputFileListPaths = (
			);
			inputPaths = (
				"${PODS_ROOT}/Target Support Files/Pods-Health2.0/Pods-Health2.0-frameworks.sh",
				"${BUILT_PRODUCTS_DIR}/BCryptSwift/BCryptSwift.framework",
				"${BUILT_PRODUCTS_DIR}/Realm/Realm.framework",
				"${BUILT_PRODUCTS_DIR}/RealmSwift/RealmSwift.framework",
				"${BUILT_PRODUCTS_DIR}/SideMenu/SideMenu.framework",
				"${BUILT_PRODUCTS_DIR}/SideMenuSwift/SideMenuSwift.framework",
			);
			name = "[CP] Embed Pods Frameworks";
			outputFileListPaths = (
			);
			outputPaths = (
				"${TARGET_BUILD_DIR}/${FRAMEWORKS_FOLDER_PATH}/BCryptSwift.framework",
				"${TARGET_BUILD_DIR}/${FRAMEWORKS_FOLDER_PATH}/Realm.framework",
				"${TARGET_BUILD_DIR}/${FRAMEWORKS_FOLDER_PATH}/RealmSwift.framework",
				"${TARGET_BUILD_DIR}/${FRAMEWORKS_FOLDER_PATH}/SideMenu.framework",
				"${TARGET_BUILD_DIR}/${FRAMEWORKS_FOLDER_PATH}/SideMenuSwift.framework",
			);
			runOnlyForDeploymentPostprocessing = 0;
			shellPath = /bin/sh;
			shellScript = "\"${PODS_ROOT}/Target Support Files/Pods-Health2.0/Pods-Health2.0-frameworks.sh\"\n";
			showEnvVarsInLog = 0;
		};
		9943E6225337E752CD20A94A /* [CP] Check Pods Manifest.lock */ = {
			isa = PBXShellScriptBuildPhase;
			buildActionMask = 2147483647;
			files = (
			);
			inputFileListPaths = (
			);
			inputPaths = (
				"${PODS_PODFILE_DIR_PATH}/Podfile.lock",
				"${PODS_ROOT}/Manifest.lock",
			);
			name = "[CP] Check Pods Manifest.lock";
			outputFileListPaths = (
			);
			outputPaths = (
				"$(DERIVED_FILE_DIR)/Pods-Health2.0-checkManifestLockResult.txt",
			);
			runOnlyForDeploymentPostprocessing = 0;
			shellPath = /bin/sh;
			shellScript = "diff \"${PODS_PODFILE_DIR_PATH}/Podfile.lock\" \"${PODS_ROOT}/Manifest.lock\" > /dev/null\nif [ $? != 0 ] ; then\n    # print error to STDERR\n    echo \"error: The sandbox is not in sync with the Podfile.lock. Run 'pod install' or update your CocoaPods installation.\" >&2\n    exit 1\nfi\n# This output is used by Xcode 'outputs' to avoid re-running this script phase.\necho \"SUCCESS\" > \"${SCRIPT_OUTPUT_FILE_0}\"\n";
			showEnvVarsInLog = 0;
		};
/* End PBXShellScriptBuildPhase section */

/* Begin PBXSourcesBuildPhase section */
		EE51C0D1224CF58200914EF2 /* Sources */ = {
			isa = PBXSourcesBuildPhase;
			buildActionMask = 2147483647;
			files = (
				EEAD8138225CF7EB00726629 /* BandSettingsViewController.swift in Sources */,
				EEDD6A7E22609D20007D5994 /* PressureAndPulseViewController.swift in Sources */,
				EEDD6A6E225F8EE3007D5994 /* ThemeSettingsViewController.swift in Sources */,
				EEEC63492260E21500692DC9 /* SexMenuViewController.swift in Sources */,
				EE3C2C92225B49A800A46B55 /* SWRevealViewController.m in Sources */,
				EE9CCB46226F24B100602C34 /* CalendarViewController.swift in Sources */,
				EE5CF16C22566837002AB3CC /* IndicateViewController.swift in Sources */,
				EE4394D4225600C600510A5D /* TrViewController.swift in Sources */,
				EE9167AD226A0B8F0000A2EB /* HandViewController.swift in Sources */,
				EEDD6A59225F7819007D5994 /* LaunchScreenViewController.swift in Sources */,
				EEE8D7F722523B7A00346166 /* indexViewController.swift in Sources */,
				EECFEC882264912C00833163 /* EnterViewController.swift in Sources */,
				EE4394DC22560A2600510A5D /* ButtonView.swift in Sources */,
				EEDD6A862260CC9B007D5994 /* CustomTextField.swift in Sources */,
				EE9CCB48226F340000602C34 /* CalendarView.swift in Sources */,
				EEC01B402273516D0085CF29 /* BraseletsView.swift in Sources */,
				EEEC63462260CE5F00692DC9 /* ProfileViewController.swift in Sources */,
				EE51C0F1224D348F00914EF2 /* SearchViewController.swift in Sources */,
				EE51C0DB224CF58200914EF2 /* ViewController.swift in Sources */,
				EECFEC8C2264CC1D00833163 /* Protocols.swift in Sources */,
				EE9CCB4E227313C300602C34 /* TimeView.swift in Sources */,
				EECFEC8E2264DD3300833163 /* Model.swift in Sources */,
				EE51C0D9224CF58200914EF2 /* AppDelegate.swift in Sources */,
				EEAD812F225B6B6400726629 /* ConsultationViewController.swift in Sources */,
				EE9CCB4A226F38C900602C34 /* AddCourseViewController.swift in Sources */,
				EEDD6A7C22608DD7007D5994 /* MonitorngViewController.swift in Sources */,
				EE0942432264845B00F119B8 /* Profile.swift in Sources */,
				EEDD6A70225F9AF0007D5994 /* HelpSettingsViewController.swift in Sources */,
				EE6B98EF2257591E009977EF /* SlideViewController.swift in Sources */,
				EECFEC8A2264B53800833163 /* ProfilePresenter.swift in Sources */,
				EEF3A0F0226DFCE9005928CF /* IndexInfoViewController.swift in Sources */,
				EEE684F3224E4B7200849E5F /* AppSettingsViewController.swift in Sources */,
				EEDD6A802260A3EE007D5994 /* IndexAndECGViewController.swift in Sources */,
				EE61CDC522560EF90068726C /* InfoSlider.swift in Sources */,
				EEDD6A822260AA9D007D5994 /* ConnectHelpViewController.swift in Sources */,
				EEAD8134225CBA0000726629 /* CustomSegue.swift in Sources */,
				EEDD6A5C225F86E4007D5994 /* OtherNotificationViewController.swift in Sources */,
				EEE8D7FD2253C85E00346166 /* DoctorViewController.swift in Sources */,
				EECFEC902265EAF400833163 /* CustomAlert.swift in Sources */,
			);
			runOnlyForDeploymentPostprocessing = 0;
		};
/* End PBXSourcesBuildPhase section */

/* Begin PBXVariantGroup section */
		EE51C0DC224CF58200914EF2 /* Main.storyboard */ = {
			isa = PBXVariantGroup;
			children = (
				EE51C0DD224CF58200914EF2 /* Base */,
			);
			name = Main.storyboard;
			sourceTree = "<group>";
		};
/* End PBXVariantGroup section */

/* Begin XCBuildConfiguration section */
		EE51C0E5224CF58300914EF2 /* Debug */ = {
			isa = XCBuildConfiguration;
			buildSettings = {
				ALWAYS_SEARCH_USER_PATHS = NO;
				CLANG_ANALYZER_NONNULL = YES;
				CLANG_ANALYZER_NUMBER_OBJECT_CONVERSION = YES_AGGRESSIVE;
				CLANG_CXX_LANGUAGE_STANDARD = "gnu++14";
				CLANG_CXX_LIBRARY = "libc++";
				CLANG_ENABLE_MODULES = YES;
				CLANG_ENABLE_OBJC_ARC = YES;
				CLANG_ENABLE_OBJC_WEAK = YES;
				CLANG_WARN_BLOCK_CAPTURE_AUTORELEASING = YES;
				CLANG_WARN_BOOL_CONVERSION = YES;
				CLANG_WARN_COMMA = YES;
				CLANG_WARN_CONSTANT_CONVERSION = YES;
				CLANG_WARN_DEPRECATED_OBJC_IMPLEMENTATIONS = YES;
				CLANG_WARN_DIRECT_OBJC_ISA_USAGE = YES_ERROR;
				CLANG_WARN_DOCUMENTATION_COMMENTS = YES;
				CLANG_WARN_EMPTY_BODY = YES;
				CLANG_WARN_ENUM_CONVERSION = YES;
				CLANG_WARN_INFINITE_RECURSION = YES;
				CLANG_WARN_INT_CONVERSION = YES;
				CLANG_WARN_NON_LITERAL_NULL_CONVERSION = YES;
				CLANG_WARN_OBJC_IMPLICIT_RETAIN_SELF = YES;
				CLANG_WARN_OBJC_LITERAL_CONVERSION = YES;
				CLANG_WARN_OBJC_ROOT_CLASS = YES_ERROR;
				CLANG_WARN_RANGE_LOOP_ANALYSIS = YES;
				CLANG_WARN_STRICT_PROTOTYPES = YES;
				CLANG_WARN_SUSPICIOUS_MOVE = YES;
				CLANG_WARN_UNGUARDED_AVAILABILITY = YES_AGGRESSIVE;
				CLANG_WARN_UNREACHABLE_CODE = YES;
				CLANG_WARN__DUPLICATE_METHOD_MATCH = YES;
				CODE_SIGN_IDENTITY = "iPhone Developer";
				COPY_PHASE_STRIP = NO;
				DEBUG_INFORMATION_FORMAT = dwarf;
				ENABLE_STRICT_OBJC_MSGSEND = YES;
				ENABLE_TESTABILITY = YES;
				GCC_C_LANGUAGE_STANDARD = gnu11;
				GCC_DYNAMIC_NO_PIC = NO;
				GCC_NO_COMMON_BLOCKS = YES;
				GCC_OPTIMIZATION_LEVEL = 0;
				GCC_PREPROCESSOR_DEFINITIONS = (
					"DEBUG=1",
					"$(inherited)",
				);
				GCC_WARN_64_TO_32_BIT_CONVERSION = YES;
				GCC_WARN_ABOUT_RETURN_TYPE = YES_ERROR;
				GCC_WARN_UNDECLARED_SELECTOR = YES;
				GCC_WARN_UNINITIALIZED_AUTOS = YES_AGGRESSIVE;
				GCC_WARN_UNUSED_FUNCTION = YES;
				GCC_WARN_UNUSED_VARIABLE = YES;
				IPHONEOS_DEPLOYMENT_TARGET = 12.2;
				MTL_ENABLE_DEBUG_INFO = INCLUDE_SOURCE;
				MTL_FAST_MATH = YES;
				ONLY_ACTIVE_ARCH = YES;
				SDKROOT = iphoneos;
				SWIFT_ACTIVE_COMPILATION_CONDITIONS = DEBUG;
				SWIFT_OPTIMIZATION_LEVEL = "-Onone";
			};
			name = Debug;
		};
		EE51C0E6224CF58300914EF2 /* Release */ = {
			isa = XCBuildConfiguration;
			buildSettings = {
				ALWAYS_SEARCH_USER_PATHS = NO;
				CLANG_ANALYZER_NONNULL = YES;
				CLANG_ANALYZER_NUMBER_OBJECT_CONVERSION = YES_AGGRESSIVE;
				CLANG_CXX_LANGUAGE_STANDARD = "gnu++14";
				CLANG_CXX_LIBRARY = "libc++";
				CLANG_ENABLE_MODULES = YES;
				CLANG_ENABLE_OBJC_ARC = YES;
				CLANG_ENABLE_OBJC_WEAK = YES;
				CLANG_WARN_BLOCK_CAPTURE_AUTORELEASING = YES;
				CLANG_WARN_BOOL_CONVERSION = YES;
				CLANG_WARN_COMMA = YES;
				CLANG_WARN_CONSTANT_CONVERSION = YES;
				CLANG_WARN_DEPRECATED_OBJC_IMPLEMENTATIONS = YES;
				CLANG_WARN_DIRECT_OBJC_ISA_USAGE = YES_ERROR;
				CLANG_WARN_DOCUMENTATION_COMMENTS = YES;
				CLANG_WARN_EMPTY_BODY = YES;
				CLANG_WARN_ENUM_CONVERSION = YES;
				CLANG_WARN_INFINITE_RECURSION = YES;
				CLANG_WARN_INT_CONVERSION = YES;
				CLANG_WARN_NON_LITERAL_NULL_CONVERSION = YES;
				CLANG_WARN_OBJC_IMPLICIT_RETAIN_SELF = YES;
				CLANG_WARN_OBJC_LITERAL_CONVERSION = YES;
				CLANG_WARN_OBJC_ROOT_CLASS = YES_ERROR;
				CLANG_WARN_RANGE_LOOP_ANALYSIS = YES;
				CLANG_WARN_STRICT_PROTOTYPES = YES;
				CLANG_WARN_SUSPICIOUS_MOVE = YES;
				CLANG_WARN_UNGUARDED_AVAILABILITY = YES_AGGRESSIVE;
				CLANG_WARN_UNREACHABLE_CODE = YES;
				CLANG_WARN__DUPLICATE_METHOD_MATCH = YES;
				CODE_SIGN_IDENTITY = "iPhone Developer";
				COPY_PHASE_STRIP = NO;
				DEBUG_INFORMATION_FORMAT = "dwarf-with-dsym";
				ENABLE_NS_ASSERTIONS = NO;
				ENABLE_STRICT_OBJC_MSGSEND = YES;
				GCC_C_LANGUAGE_STANDARD = gnu11;
				GCC_NO_COMMON_BLOCKS = YES;
				GCC_WARN_64_TO_32_BIT_CONVERSION = YES;
				GCC_WARN_ABOUT_RETURN_TYPE = YES_ERROR;
				GCC_WARN_UNDECLARED_SELECTOR = YES;
				GCC_WARN_UNINITIALIZED_AUTOS = YES_AGGRESSIVE;
				GCC_WARN_UNUSED_FUNCTION = YES;
				GCC_WARN_UNUSED_VARIABLE = YES;
				IPHONEOS_DEPLOYMENT_TARGET = 12.2;
				MTL_ENABLE_DEBUG_INFO = NO;
				MTL_FAST_MATH = YES;
				SDKROOT = iphoneos;
				SWIFT_COMPILATION_MODE = wholemodule;
				SWIFT_OPTIMIZATION_LEVEL = "-O";
				VALIDATE_PRODUCT = YES;
			};
			name = Release;
		};
		EE51C0E8224CF58300914EF2 /* Debug */ = {
			isa = XCBuildConfiguration;
			baseConfigurationReference = 57360DD6E982679F22A5582C /* Pods-Health2.0.debug.xcconfig */;
			buildSettings = {
				ASSETCATALOG_COMPILER_APPICON_NAME = AppIcon;
				CLANG_ENABLE_MODULES = YES;
				CODE_SIGN_IDENTITY = "iPhone Developer";
				CODE_SIGN_STYLE = Automatic;
				DEVELOPMENT_TEAM = G24JHFZL6J;
				INFOPLIST_FILE = Health2.0/Info.plist;
				LD_RUNPATH_SEARCH_PATHS = (
					"$(inherited)",
					"@executable_path/Frameworks",
				);
				PRODUCT_BUNDLE_IDENTIFIER = com.apptech.health;
				PRODUCT_NAME = "$(TARGET_NAME)";
				SWIFT_OBJC_BRIDGING_HEADER = "Health2.0/SWRevealViewController/Health2.0-Bridging-Header.h";
				SWIFT_OPTIMIZATION_LEVEL = "-Onone";
				SWIFT_VERSION = 5.0;
				TARGETED_DEVICE_FAMILY = 1;
			};
			name = Debug;
		};
		EE51C0E9224CF58300914EF2 /* Release */ = {
			isa = XCBuildConfiguration;
			baseConfigurationReference = 047082554641EE1593E0CDEF /* Pods-Health2.0.release.xcconfig */;
			buildSettings = {
				ASSETCATALOG_COMPILER_APPICON_NAME = AppIcon;
				CLANG_ENABLE_MODULES = YES;
				CODE_SIGN_IDENTITY = "iPhone Developer";
				CODE_SIGN_STYLE = Automatic;
				DEVELOPMENT_TEAM = G24JHFZL6J;
				INFOPLIST_FILE = Health2.0/Info.plist;
				LD_RUNPATH_SEARCH_PATHS = (
					"$(inherited)",
					"@executable_path/Frameworks",
				);
				PRODUCT_BUNDLE_IDENTIFIER = com.apptech.health;
				PRODUCT_NAME = "$(TARGET_NAME)";
				SWIFT_OBJC_BRIDGING_HEADER = "Health2.0/SWRevealViewController/Health2.0-Bridging-Header.h";
				SWIFT_VERSION = 5.0;
				TARGETED_DEVICE_FAMILY = 1;
			};
			name = Release;
		};
/* End XCBuildConfiguration section */

/* Begin XCConfigurationList section */
		EE51C0D0224CF58200914EF2 /* Build configuration list for PBXProject "Health2.0" */ = {
			isa = XCConfigurationList;
			buildConfigurations = (
				EE51C0E5224CF58300914EF2 /* Debug */,
				EE51C0E6224CF58300914EF2 /* Release */,
			);
			defaultConfigurationIsVisible = 0;
			defaultConfigurationName = Release;
		};
		EE51C0E7224CF58300914EF2 /* Build configuration list for PBXNativeTarget "Health2.0" */ = {
			isa = XCConfigurationList;
			buildConfigurations = (
				EE51C0E8224CF58300914EF2 /* Debug */,
				EE51C0E9224CF58300914EF2 /* Release */,
			);
			defaultConfigurationIsVisible = 0;
			defaultConfigurationName = Release;
		};
/* End XCConfigurationList section */
	};
	rootObject = EE51C0CD224CF58200914EF2 /* Project object */;
}
